{
  "name": "uni-meiye",
  "version": "1.0.0",
  "lockfileVersion": 2,
  "requires": true,
  "packages": {
    "": {
      "name": "uni-meiye",
      "version": "1.0.0",
      "license": "ISC",
      "dependencies": {
        "@escook/request-miniprogram": "^0.2.1",
        "uview-ui": "^2.0.28"
      }
    },
    "node_modules/@escook/request-miniprogram": {
      "version": "0.2.1",
      "resolved": "https://registry.npmjs.org/@escook/request-miniprogram/-/request-miniprogram-0.2.1.tgz",
      "integrity": "sha512-ueWV5YsaEm/ycQZuEjMiA88GFMhfBQSjy9GrP9omy4xAQajkGTbYIlnhzsDfWzRPmRC1fKmAiKMrCVcgS+SHcQ=="
    },
    "node_modules/uview-ui": {
      "version": "2.0.28",
      "resolved": "https://registry.npmjs.org/uview-ui/-/uview-ui-2.0.28.tgz",
      "integrity": "sha512-H50WZJg/SIjpv1mcxvMaCcZgOWMyE+iWy7ANe/ZtvZgsPaYzMYzZdhiHl7ml0bA72fSJUseahSVLen8WhCVpRA==",
      "engines": {
        "HBuilderX": "^3.1.0"
      }
    }
  },
  "dependencies": {
    "@escook/request-miniprogram": {
      "version": "0.2.1",
      "resolved": "https://registry.npmjs.org/@escook/request-miniprogram/-/request-miniprogram-0.2.1.tgz",
      "integrity": "sha512-ueWV5YsaEm/ycQZuEjMiA88GFMhfBQSjy9GrP9omy4xAQajkGTbYIlnhzsDfWzRPmRC1fKmAiKMrCVcgS+SHcQ=="
    },
    "uview-ui": {
      "version": "2.0.28",
      "resolved": "https://registry.npmjs.org/uview-ui/-/uview-ui-2.0.28.tgz",
      "integrity": "sha512-H50WZJg/SIjpv1mcxvMaCcZgOWMyE+iWy7ANe/ZtvZgsPaYzMYzZdhiHl7ml0bA72fSJUseahSVLen8WhCVpRA=="
    }
  }
}
